// !$*UTF8*$!
{
	archiveVersion = 1;
	classes = {
	};
	objectVersion = 50;
	objects = {

/* Begin PBXBuildFile section */
		7625863F2539EF4800197B60 /* HandsController.swift in Sources */ = {isa = PBXBuildFile; fileRef = 7625863E2539EF4800197B60 /* HandsController.swift */; };
		762586492539F14900197B60 /* HoldComponent.swift in Sources */ = {isa = PBXBuildFile; fileRef = 762586482539F14900197B60 /* HoldComponent.swift */; };
		764150222539DD83002B131F /* GesturesComponent.swift in Sources */ = {isa = PBXBuildFile; fileRef = 764150212539DD83002B131F /* GesturesComponent.swift */; };
		76980E162539D07D00550395 /* AppDelegate.swift in Sources */ = {isa = PBXBuildFile; fileRef = 76980E152539D07D00550395 /* AppDelegate.swift */; };
		76980E182539D07D00550395 /* ViewController.swift in Sources */ = {isa = PBXBuildFile; fileRef = 76980E172539D07D00550395 /* ViewController.swift */; };
		76980E1D2539D07D00550395 /* Main.storyboard in Resources */ = {isa = PBXBuildFile; fileRef = 76980E1B2539D07D00550395 /* Main.storyboard */; };
		76980E1F2539D08000550395 /* Assets.xcassets in Resources */ = {isa = PBXBuildFile; fileRef = 76980E1E2539D08000550395 /* Assets.xcassets */; };
		76980E222539D08000550395 /* LaunchScreen.storyboard in Resources */ = {isa = PBXBuildFile; fileRef = 76980E202539D08000550395 /* LaunchScreen.storyboard */; };
		76980E2D2539D16800550395 /* Garage.rcproject in Sources */ = {isa = PBXBuildFile; fileRef = 76980E2C2539D15700550395 /* Garage.rcproject */; };
		76E3715F253A206B00E01183 /* SpotComponent.swift in Sources */ = {isa = PBXBuildFile; fileRef = 76E3715E253A206B00E01183 /* SpotComponent.swift */; };
		76E37162253A232900E01183 /* AttachedComponent.swift in Sources */ = {isa = PBXBuildFile; fileRef = 76E37161253A232900E01183 /* AttachedComponent.swift */; };
/* End PBXBuildFile section */

/* Begin PBXFileReference section */
		7625863E2539EF4800197B60 /* HandsController.swift */ = {isa = PBXFileReference; lastKnownFileType = sourcecode.swift; path = HandsController.swift; sourceTree = "<group>"; };
		762586482539F14900197B60 /* HoldComponent.swift */ = {isa = PBXFileReference; lastKnownFileType = sourcecode.swift; path = HoldComponent.swift; sourceTree = "<group>"; };
		764150212539DD83002B131F /* GesturesComponent.swift */ = {isa = PBXFileReference; lastKnownFileType = sourcecode.swift; path = GesturesComponent.swift; sourceTree = "<group>"; };
		76980E122539D07D00550395 /* ARquives.app */ = {isa = PBXFileReference; explicitFileType = wrapper.application; includeInIndex = 0; path = ARquives.app; sourceTree = BUILT_PRODUCTS_DIR; };
		76980E152539D07D00550395 /* AppDelegate.swift */ = {isa = PBXFileReference; lastKnownFileType = sourcecode.swift; path = AppDelegate.swift; sourceTree = "<group>"; };
		76980E172539D07D00550395 /* ViewController.swift */ = {isa = PBXFileReference; lastKnownFileType = sourcecode.swift; path = ViewController.swift; sourceTree = "<group>"; };
		76980E1C2539D07D00550395 /* Base */ = {isa = PBXFileReference; lastKnownFileType = file.storyboard; name = Base; path = Base.lproj/Main.storyboard; sourceTree = "<group>"; };
		76980E1E2539D08000550395 /* Assets.xcassets */ = {isa = PBXFileReference; lastKnownFileType = folder.assetcatalog; path = Assets.xcassets; sourceTree = "<group>"; };
		76980E212539D08000550395 /* Base */ = {isa = PBXFileReference; lastKnownFileType = file.storyboard; name = Base; path = Base.lproj/LaunchScreen.storyboard; sourceTree = "<group>"; };
		76980E232539D08000550395 /* Info.plist */ = {isa = PBXFileReference; lastKnownFileType = text.plist.xml; path = Info.plist; sourceTree = "<group>"; };
		76980E2C2539D15700550395 /* Garage.rcproject */ = {isa = PBXFileReference; lastKnownFileType = file.rcproject; path = Garage.rcproject; sourceTree = "<group>"; };
		76E3715E253A206B00E01183 /* SpotComponent.swift */ = {isa = PBXFileReference; lastKnownFileType = sourcecode.swift; path = SpotComponent.swift; sourceTree = "<group>"; };
		76E37161253A232900E01183 /* AttachedComponent.swift */ = {isa = PBXFileReference; lastKnownFileType = sourcecode.swift; path = AttachedComponent.swift; sourceTree = "<group>"; };
/* End PBXFileReference section */

/* Begin PBXFrameworksBuildPhase section */
		76980E0F2539D07D00550395 /* Frameworks */ = {
			isa = PBXFrameworksBuildPhase;
			buildActionMask = 2147483647;
			files = (
			);
			runOnlyForDeploymentPostprocessing = 0;
		};
/* End PBXFrameworksBuildPhase section */

/* Begin PBXGroup section */
		7625863D2539EEF400197B60 /* Controller */ = {
			isa = PBXGroup;
			children = (
				76980E172539D07D00550395 /* ViewController.swift */,
				7625863E2539EF4800197B60 /* HandsController.swift */,
			);
			path = Controller;
			sourceTree = "<group>";
		};
		764150202539DD6A002B131F /* Components */ = {
			isa = PBXGroup;
			children = (
				764150212539DD83002B131F /* GesturesComponent.swift */,
				762586482539F14900197B60 /* HoldComponent.swift */,
				76E3715E253A206B00E01183 /* SpotComponent.swift */,
				76E37161253A232900E01183 /* AttachedComponent.swift */,
			);
			path = Components;
			sourceTree = "<group>";
		};
		76980E092539D07C00550395 = {
			isa = PBXGroup;
			children = (
				76980E142539D07D00550395 /* ARquives */,
				76980E132539D07D00550395 /* Products */,
			);
			sourceTree = "<group>";
		};
		76980E132539D07D00550395 /* Products */ = {
			isa = PBXGroup;
			children = (
				76980E122539D07D00550395 /* ARquives.app */,
			);
			name = Products;
			sourceTree = "<group>";
		};
		76980E142539D07D00550395 /* ARquives */ = {
			isa = PBXGroup;
			children = (
				7625863D2539EEF400197B60 /* Controller */,
				764150202539DD6A002B131F /* Components */,
				76980E152539D07D00550395 /* AppDelegate.swift */,
				76980E1B2539D07D00550395 /* Main.storyboard */,
				76980E1E2539D08000550395 /* Assets.xcassets */,
				76980E202539D08000550395 /* LaunchScreen.storyboard */,
				76980E232539D08000550395 /* Info.plist */,
				76980E2C2539D15700550395 /* Garage.rcproject */,
			);
			path = ARquives;
			sourceTree = "<group>";
		};
/* End PBXGroup section */

/* Begin PBXNativeTarget section */
		76980E112539D07D00550395 /* ARquives */ = {
			isa = PBXNativeTarget;
			buildConfigurationList = 76980E262539D08000550395 /* Build configuration list for PBXNativeTarget "ARquives" */;
			buildPhases = (
				76980E0E2539D07D00550395 /* Sources */,
				76980E0F2539D07D00550395 /* Frameworks */,
				76980E102539D07D00550395 /* Resources */,
			);
			buildRules = (
			);
			dependencies = (
			);
			name = ARquives;
			productName = ARquives;
			productReference = 76980E122539D07D00550395 /* ARquives.app */;
			productType = "com.apple.product-type.application";
		};
/* End PBXNativeTarget section */

/* Begin PBXProject section */
		76980E0A2539D07C00550395 /* Project object */ = {
			isa = PBXProject;
			attributes = {
				LastSwiftUpdateCheck = 1200;
				LastUpgradeCheck = 1200;
				TargetAttributes = {
					76980E112539D07D00550395 = {
						CreatedOnToolsVersion = 12.0.1;
					};
				};
			};
			buildConfigurationList = 76980E0D2539D07C00550395 /* Build configuration list for PBXProject "ARquives" */;
			compatibilityVersion = "Xcode 9.3";
			developmentRegion = en;
			hasScannedForEncodings = 0;
			knownRegions = (
				en,
				Base,
			);
			mainGroup = 76980E092539D07C00550395;
			productRefGroup = 76980E132539D07D00550395 /* Products */;
			projectDirPath = "";
			projectRoot = "";
			targets = (
				76980E112539D07D00550395 /* ARquives */,
			);
		};
/* End PBXProject section */

/* Begin PBXResourcesBuildPhase section */
		76980E102539D07D00550395 /* Resources */ = {
			isa = PBXResourcesBuildPhase;
			buildActionMask = 2147483647;
			files = (
				76980E222539D08000550395 /* LaunchScreen.storyboard in Resources */,
				76980E1F2539D08000550395 /* Assets.xcassets in Resources */,
				76980E1D2539D07D00550395 /* Main.storyboard in Resources */,
			);
			runOnlyForDeploymentPostprocessing = 0;
		};
/* End PBXResourcesBuildPhase section */

/* Begin PBXSourcesBuildPhase section */
		76980E0E2539D07D00550395 /* Sources */ = {
			isa = PBXSourcesBuildPhase;
			buildActionMask = 2147483647;
			files = (
				76E3715F253A206B00E01183 /* SpotComponent.swift in Sources */,
				764150222539DD83002B131F /* GesturesComponent.swift in Sources */,
				76980E182539D07D00550395 /* ViewController.swift in Sources */,
				76E37162253A232900E01183 /* AttachedComponent.swift in Sources */,
				7625863F2539EF4800197B60 /* HandsController.swift in Sources */,
				76980E2D2539D16800550395 /* Garage.rcproject in Sources */,
				762586492539F14900197B60 /* HoldComponent.swift in Sources */,
				76980E162539D07D00550395 /* AppDelegate.swift in Sources */,
			);
			runOnlyForDeploymentPostprocessing = 0;
		};
/* End PBXSourcesBuildPhase section */

/* Begin PBXVariantGroup section */
		76980E1B2539D07D00550395 /* Main.storyboard */ = {
			isa = PBXVariantGroup;
			children = (
				76980E1C2539D07D00550395 /* Base */,
			);
			name = Main.storyboard;
			sourceTree = "<group>";
		};
		76980E202539D08000550395 /* LaunchScreen.storyboard */ = {
			isa = PBXVariantGroup;
			children = (
				76980E212539D08000550395 /* Base */,
			);
			name = LaunchScreen.storyboard;
			sourceTree = "<group>";
		};
/* End PBXVariantGroup section */

/* Begin XCBuildConfiguration section */
		76980E242539D08000550395 /* Debug */ = {
			isa = XCBuildConfiguration;
			buildSettings = {
				ALWAYS_SEARCH_USER_PATHS = NO;
				CLANG_ANALYZER_NONNULL = YES;
				CLANG_ANALYZER_NUMBER_OBJECT_CONVERSION = YES_AGGRESSIVE;
				CLANG_CXX_LANGUAGE_STANDARD = "gnu++14";
				CLANG_CXX_LIBRARY = "libc++";
				CLANG_ENABLE_MODULES = YES;
				CLANG_ENABLE_OBJC_ARC = YES;
				CLANG_ENABLE_OBJC_WEAK = YES;
				CLANG_WARN_BLOCK_CAPTURE_AUTORELEASING = YES;
				CLANG_WARN_BOOL_CONVERSION = YES;
				CLANG_WARN_COMMA = YES;
				CLANG_WARN_CONSTANT_CONVERSION = YES;
				CLANG_WARN_DEPRECATED_OBJC_IMPLEMENTATIONS = YES;
				CLANG_WARN_DIRECT_OBJC_ISA_USAGE = YES_ERROR;
				CLANG_WARN_DOCUMENTATION_COMMENTS = YES;
				CLANG_WARN_EMPTY_BODY = YES;
				CLANG_WARN_ENUM_CONVERSION = YES;
				CLANG_WARN_INFINITE_RECURSION = YES;
				CLANG_WARN_INT_CONVERSION = YES;
				CLANG_WARN_NON_LITERAL_NULL_CONVERSION = YES;
				CLANG_WARN_OBJC_IMPLICIT_RETAIN_SELF = YES;
				CLANG_WARN_OBJC_LITERAL_CONVERSION = YES;
				CLANG_WARN_OBJC_ROOT_CLASS = YES_ERROR;
				CLANG_WARN_QUOTED_INCLUDE_IN_FRAMEWORK_HEADER = YES;
				CLANG_WARN_RANGE_LOOP_ANALYSIS = YES;
				CLANG_WARN_STRICT_PROTOTYPES = YES;
				CLANG_WARN_SUSPICIOUS_MOVE = YES;
				CLANG_WARN_UNGUARDED_AVAILABILITY = YES_AGGRESSIVE;
				CLANG_WARN_UNREACHABLE_CODE = YES;
				CLANG_WARN__DUPLICATE_METHOD_MATCH = YES;
				COPY_PHASE_STRIP = NO;
				DEBUG_INFORMATION_FORMAT = dwarf;
				ENABLE_STRICT_OBJC_MSGSEND = YES;
				ENABLE_TESTABILITY = YES;
				GCC_C_LANGUAGE_STANDARD = gnu11;
				GCC_DYNAMIC_NO_PIC = NO;
				GCC_NO_COMMON_BLOCKS = YES;
				GCC_OPTIMIZATION_LEVEL = 0;
				GCC_PREPROCESSOR_DEFINITIONS = (
					"DEBUG=1",
					"$(inherited)",
				);
				GCC_WARN_64_TO_32_BIT_CONVERSION = YES;
				GCC_WARN_ABOUT_RETURN_TYPE = YES_ERROR;
				GCC_WARN_UNDECLARED_SELECTOR = YES;
				GCC_WARN_UNINITIALIZED_AUTOS = YES_AGGRESSIVE;
				GCC_WARN_UNUSED_FUNCTION = YES;
				GCC_WARN_UNUSED_VARIABLE = YES;
				IPHONEOS_DEPLOYMENT_TARGET = 14.0;
				MTL_ENABLE_DEBUG_INFO = INCLUDE_SOURCE;
				MTL_FAST_MATH = YES;
				ONLY_ACTIVE_ARCH = YES;
				SDKROOT = iphoneos;
				SWIFT_ACTIVE_COMPILATION_CONDITIONS = DEBUG;
				SWIFT_OPTIMIZATION_LEVEL = "-Onone";
			};
			name = Debug;
		};
		76980E252539D08000550395 /* Release */ = {
			isa = XCBuildConfiguration;
			buildSettings = {
				ALWAYS_SEARCH_USER_PATHS = NO;
				CLANG_ANALYZER_NONNULL = YES;
				CLANG_ANALYZER_NUMBER_OBJECT_CONVERSION = YES_AGGRESSIVE;
				CLANG_CXX_LANGUAGE_STANDARD = "gnu++14";
				CLANG_CXX_LIBRARY = "libc++";
				CLANG_ENABLE_MODULES = YES;
				CLANG_ENABLE_OBJC_ARC = YES;
				CLANG_ENABLE_OBJC_WEAK = YES;
				CLANG_WARN_BLOCK_CAPTURE_AUTORELEASING = YES;
				CLANG_WARN_BOOL_CONVERSION = YES;
				CLANG_WARN_COMMA = YES;
				CLANG_WARN_CONSTANT_CONVERSION = YES;
				CLANG_WARN_DEPRECATED_OBJC_IMPLEMENTATIONS = YES;
				CLANG_WARN_DIRECT_OBJC_ISA_USAGE = YES_ERROR;
				CLANG_WARN_DOCUMENTATION_COMMENTS = YES;
				CLANG_WARN_EMPTY_BODY = YES;
				CLANG_WARN_ENUM_CONVERSION = YES;
				CLANG_WARN_INFINITE_RECURSION = YES;
				CLANG_WARN_INT_CONVERSION = YES;
				CLANG_WARN_NON_LITERAL_NULL_CONVERSION = YES;
				CLANG_WARN_OBJC_IMPLICIT_RETAIN_SELF = YES;
				CLANG_WARN_OBJC_LITERAL_CONVERSION = YES;
				CLANG_WARN_OBJC_ROOT_CLASS = YES_ERROR;
				CLANG_WARN_QUOTED_INCLUDE_IN_FRAMEWORK_HEADER = YES;
				CLANG_WARN_RANGE_LOOP_ANALYSIS = YES;
				CLANG_WARN_STRICT_PROTOTYPES = YES;
				CLANG_WARN_SUSPICIOUS_MOVE = YES;
				CLANG_WARN_UNGUARDED_AVAILABILITY = YES_AGGRESSIVE;
				CLANG_WARN_UNREACHABLE_CODE = YES;
				CLANG_WARN__DUPLICATE_METHOD_MATCH = YES;
				COPY_PHASE_STRIP = NO;
				DEBUG_INFORMATION_FORMAT = "dwarf-with-dsym";
				ENABLE_NS_ASSERTIONS = NO;
				ENABLE_STRICT_OBJC_MSGSEND = YES;
				GCC_C_LANGUAGE_STANDARD = gnu11;
				GCC_NO_COMMON_BLOCKS = YES;
				GCC_WARN_64_TO_32_BIT_CONVERSION = YES;
				GCC_WARN_ABOUT_RETURN_TYPE = YES_ERROR;
				GCC_WARN_UNDECLARED_SELECTOR = YES;
				GCC_WARN_UNINITIALIZED_AUTOS = YES_AGGRESSIVE;
				GCC_WARN_UNUSED_FUNCTION = YES;
				GCC_WARN_UNUSED_VARIABLE = YES;
				IPHONEOS_DEPLOYMENT_TARGET = 14.0;
				MTL_ENABLE_DEBUG_INFO = NO;
				MTL_FAST_MATH = YES;
				SDKROOT = iphoneos;
				SWIFT_COMPILATION_MODE = wholemodule;
				SWIFT_OPTIMIZATION_LEVEL = "-O";
				VALIDATE_PRODUCT = YES;
			};
			name = Release;
		};
		76980E272539D08000550395 /* Debug */ = {
			isa = XCBuildConfiguration;
			buildSettings = {
				ASSETCATALOG_COMPILER_APPICON_NAME = AppIcon;
				ASSETCATALOG_COMPILER_GLOBAL_ACCENT_COLOR_NAME = AccentColor;
				CODE_SIGN_STYLE = Automatic;
				DEVELOPMENT_TEAM = AYH9NYMQ3Y;
				INFOPLIST_FILE = ARquives/Info.plist;
				IPHONEOS_DEPLOYMENT_TARGET = 13.6;
				LD_RUNPATH_SEARCH_PATHS = (
					"$(inherited)",
					"@executable_path/Frameworks",
				);
				PRODUCT_BUNDLE_IDENTIFIER = com.br.academyMAO.ARquives;
				PRODUCT_NAME = "$(TARGET_NAME)";
				SWIFT_VERSION = 5.0;
				TARGETED_DEVICE_FAMILY = "1,2";
			};
			name = Debug;
		};
		76980E282539D08000550395 /* Release */ = {
			isa = XCBuildConfiguration;
			buildSettings = {
				ASSETCATALOG_COMPILER_APPICON_NAME = AppIcon;
				ASSETCATALOG_COMPILER_GLOBAL_ACCENT_COLOR_NAME = AccentColor;
				CODE_SIGN_STYLE = Automatic;
				DEVELOPMENT_TEAM = AYH9NYMQ3Y;
				INFOPLIST_FILE = ARquives/Info.plist;
				IPHONEOS_DEPLOYMENT_TARGET = 13.6;
				LD_RUNPATH_SEARCH_PATHS = (
					"$(inherited)",
					"@executable_path/Frameworks",
				);
				PRODUCT_BUNDLE_IDENTIFIER = com.br.academyMAO.ARquives;
				PRODUCT_NAME = "$(TARGET_NAME)";
				SWIFT_VERSION = 5.0;
				TARGETED_DEVICE_FAMILY = "1,2";
			};
			name = Release;
		};
/* End XCBuildConfiguration section */

/* Begin XCConfigurationList section */
		76980E0D2539D07C00550395 /* Build configuration list for PBXProject "ARquives" */ = {
			isa = XCConfigurationList;
			buildConfigurations = (
				76980E242539D08000550395 /* Debug */,
				76980E252539D08000550395 /* Release */,
			);
			defaultConfigurationIsVisible = 0;
			defaultConfigurationName = Release;
		};
		76980E262539D08000550395 /* Build configuration list for PBXNativeTarget "ARquives" */ = {
			isa = XCConfigurationList;
			buildConfigurations = (
				76980E272539D08000550395 /* Debug */,
				76980E282539D08000550395 /* Release */,
			);
			defaultConfigurationIsVisible = 0;
			defaultConfigurationName = Release;
		};
/* End XCConfigurationList section */
	};
	rootObject = 76980E0A2539D07C00550395 /* Project object */;
}
